
Microsoft Visual Studio Solution File, Format Version 12.00
# Visual Studio Version 17
VisualStudioVersion = 17.7.34024.191
MinimumVisualStudioVersion = 10.0.40219.1
Project("{FAE04EC0-301F-11D3-BF4B-00C04F79EFBC}") = "Que2", "Que2.csproj", "{BB5F7ED3-E8F4-49E1-BB0E-D0E22F3423A5}"
EndProject
Global
	GlobalSection(SolutionConfigurationPlatforms) = preSolution
		Debug|Any CPU = Debug|Any CPU
		Release|Any CPU = Release|Any CPU
	EndGlobalSection
	GlobalSection(ProjectConfigurationPlatforms) = postSolution
		{BB5F7ED3-E8F4-49E1-BB0E-D0E22F3423A5}.Debug|Any CPU.ActiveCfg = Debug|Any CPU
		{BB5F7ED3-E8F4-49E1-BB0E-D0E22F3423A5}.Debug|Any CPU.Build.0 = Debug|Any CPU
		{BB5F7ED3-E8F4-49E1-BB0E-D0E22F3423A5}.Release|Any CPU.ActiveCfg = Release|Any CPU
		{BB5F7ED3-E8F4-49E1-BB0E-D0E22F3423A5}.Release|Any CPU.Build.0 = Release|Any CPU
	EndGlobalSection
	GlobalSection(SolutionProperties) = preSolution
		HideSolutionNode = FALSE
	EndGlobalSection
	GlobalSection(ExtensibilityGlobals) = postSolution
		SolutionGuid = {30C0F1DB-5CC0-4EBF-9933-27D9E447CCFA}
	EndGlobalSection
EndGlobal
