
Microsoft Visual Studio Solution File, Format Version 12.00
# Visual Studio Version 17
VisualStudioVersion = 17.7.34024.191
MinimumVisualStudioVersion = 10.0.40219.1
Project("{FAE04EC0-301F-11D3-BF4B-00C04F79EFBC}") = "Que4", "Que4.csproj", "{05921B83-CC16-4BF2-AD8D-D16EA4059DEC}"
EndProject
Global
	GlobalSection(SolutionConfigurationPlatforms) = preSolution
		Debug|Any CPU = Debug|Any CPU
		Release|Any CPU = Release|Any CPU
	EndGlobalSection
	GlobalSection(ProjectConfigurationPlatforms) = postSolution
		{05921B83-CC16-4BF2-AD8D-D16EA4059DEC}.Debug|Any CPU.ActiveCfg = Debug|Any CPU
		{05921B83-CC16-4BF2-AD8D-D16EA4059DEC}.Debug|Any CPU.Build.0 = Debug|Any CPU
		{05921B83-CC16-4BF2-AD8D-D16EA4059DEC}.Release|Any CPU.ActiveCfg = Release|Any CPU
		{05921B83-CC16-4BF2-AD8D-D16EA4059DEC}.Release|Any CPU.Build.0 = Release|Any CPU
	EndGlobalSection
	GlobalSection(SolutionProperties) = preSolution
		HideSolutionNode = FALSE
	EndGlobalSection
	GlobalSection(ExtensibilityGlobals) = postSolution
		SolutionGuid = {C7611002-C9C8-421B-8575-2E28688A9716}
	EndGlobalSection
EndGlobal
