
Microsoft Visual Studio Solution File, Format Version 12.00
# Visual Studio Version 17
VisualStudioVersion = 17.7.34024.191
MinimumVisualStudioVersion = 10.0.40219.1
Project("{FAE04EC0-301F-11D3-BF4B-00C04F79EFBC}") = "Que5", "Que5.csproj", "{47AC843F-D7B0-424F-8107-22EFF67C6BBF}"
EndProject
Global
	GlobalSection(SolutionConfigurationPlatforms) = preSolution
		Debug|Any CPU = Debug|Any CPU
		Release|Any CPU = Release|Any CPU
	EndGlobalSection
	GlobalSection(ProjectConfigurationPlatforms) = postSolution
		{47AC843F-D7B0-424F-8107-22EFF67C6BBF}.Debug|Any CPU.ActiveCfg = Debug|Any CPU
		{47AC843F-D7B0-424F-8107-22EFF67C6BBF}.Debug|Any CPU.Build.0 = Debug|Any CPU
		{47AC843F-D7B0-424F-8107-22EFF67C6BBF}.Release|Any CPU.ActiveCfg = Release|Any CPU
		{47AC843F-D7B0-424F-8107-22EFF67C6BBF}.Release|Any CPU.Build.0 = Release|Any CPU
	EndGlobalSection
	GlobalSection(SolutionProperties) = preSolution
		HideSolutionNode = FALSE
	EndGlobalSection
	GlobalSection(ExtensibilityGlobals) = postSolution
		SolutionGuid = {665CFD61-13B8-48BB-AA47-DF9784ED4FE9}
	EndGlobalSection
EndGlobal
